github.com/Unleash/unleash-client-go/v3 v3.1.1 h1:i53Ugi17lm0uvKLw8YIQ0Y1JLxehMKW4Z4/lBj84G2o=
github.com/Unleash/unleash-client-go/v3 v3.1.1/go.mod h1:epXIC5iiw6lLT4GET5Nf3LC8Ywgt+w9LusT+c0yD8B8=
github.com/davecgh/go-spew v1.1.1/go.mod h1:J7Y8YcW2NihsgmVo/mv3lAwl/skON4iLHjSsI+c5H38=
github.com/imdario/mergo v0.3.8/go.mod h1:2EnlNZ0deacrJVfApfmtdGgDfMuh/nq6Ok1EcJh5FfA=
github.com/nbio/st v0.0.0-20140626010706-e9e8d9816f32/go.mod h1:9wM+0iRr9ahx58uYLpLIr5fm8diHn0JbqRycJi6w0Ms=
github.com/pmezard/go-difflib v1.0.0/go.mod h1:iKH77koFhYxTK1pcRnkKkqfTogsbg7gZNVY4sRDYZ/4=
github.com/redhatinsights/app-common-go v0.0.0-20201103171931-3c874ef92d2a h1:0IIhrwH7dlePuMdYhKGv3weoC4wxAQED4jiNmpDkgfM=
github.com/redhatinsights/app-common-go v0.0.0-20201103171931-3c874ef92d2a/go.mod h1:SqgG5JkX/RNlk2d+sXamIFxhOIvWLgCBr8uK6q70ESk=
github.com/redhatinsights/app-common-go v0.0.0-20201209144413-30bb68eb9891 h1:3bL5XvtQ4iQAZKdfz4q0XGJBEmtAZRJG8o54SOpUNm0=
github.com/redhatinsights/app-common-go v0.0.0-20210115100614-235a7075c682 h1:TwrtzcHRYtiDOUqzXxYlXSNXpp/zBD8zmix3NusSBoQ=
github.com/redhatinsights/app-common-go v0.0.0-20210115100614-235a7075c682/go.mod h1:SqgG5JkX/RNlk2d+sXamIFxhOIvWLgCBr8uK6q70ESk=
github.com/redhatinsights/app-common-go v1.0.0 h1:8TM4GQuSItRZLdxu9ExR9XXQhbp7BHptklxdLrpmS6U=
github.com/redhatinsights/app-common-go v1.0.0/go.mod h1:SqgG5JkX/RNlk2d+sXamIFxhOIvWLgCBr8uK6q70ESk=
github.com/spaolacci/murmur3 v0.0.0-20180118202830-f09979ecbc72 h1:qLC7fQah7D6K1B0ujays3HV9gkFtllcxhzImRR7ArPQ=
github.com/spaolacci/murmur3 v0.0.0-20180118202830-f09979ecbc72/go.mod h1:JwIasOWyU6f++ZhiEuf87xNszmSA2myDM2Kzu9HwQUA=
github.com/stretchr/objx v0.1.1/go.mod h1:HFkY916IF+rwdDfMAkV7OtwuqBVzrE8GR6GFx+wExME=
github.com/stretchr/testify v1.2.2/go.mod h1:a8OnRcib4nhh0OaRAV+Yts87kKdq0PP7pXfy6kDkUVs=
gopkg.in/h2non/gock.v1 v1.0.10/go.mod h1:KHI4Z1sxDW6P4N3DfTWSEza07YpkQP7KJBfglRMEjKY=
